<?xml version="1.0" encoding="utf-8"?>
<Project ToolsVersion="4.0" xmlns="http://schemas.microsoft.com/developer/msbuild/2003">
  <ItemGroup>
    <Filter Include="Source Files">
      <UniqueIdentifier>{6efe39cd-c258-4785-b4a0-736727b780b0}</UniqueIdentifier>
      <Extensions>cpp;c;cxx;rc;def;r;odl;idl;hpj;bat</Extensions>
    </Filter>
    <Filter Include="Header Files">
      <UniqueIdentifier>{16c2fcac-838f-44ba-be75-27754654e692}</UniqueIdentifier>
      <Extensions>h;hpp;hxx;hm;inl</Extensions>
    </Filter>
    <Filter Include="Resource Files">
      <UniqueIdentifier>{12533636-6fd6-478c-9708-196430c1dc65}</UniqueIdentifier>
      <Extensions>ico;cur;bmp;dlg;rc2;rct;bin;rgs;gif;jpg;jpeg;jpe</Extensions>
    </Filter>
  </ItemGroup>
  <ItemGroup>
    <ClCompile Include="main.cpp">
      <Filter>Source Files</Filter>
    </ClCompile>
  </ItemGroup>
  <ItemGroup>
    <ClInclude Include="iframe.h">
      <Filter>Header Files</Filter>
    </ClInclude>
    <ClInclude Include="pxd.h">
      <Filter>Header Files</Filter>
    </ClInclude>
    <ClInclude Include="Scilib20.h">
      <Filter>Header Files</Filter>
    </ClInclude>
  </ItemGroup>
</Project>